// !$*UTF8*$!
{
	archiveVersion = 1;
	classes = {
	};
	objectVersion = 56;
	objects = {

/* Begin PBXBuildFile section */
		440CAA1F2BFCA32300FDFA89 /* AppDelegate.swift in Sources */ = {isa = PBXBuildFile; fileRef = 440CAA1E2BFCA32300FDFA89 /* AppDelegate.swift */; };
		440CAA212BFCA32300FDFA89 /* SceneDelegate.swift in Sources */ = {isa = PBXBuildFile; fileRef = 440CAA202BFCA32300FDFA89 /* SceneDelegate.swift */; };
		440CAA232BFCA32300FDFA89 /* conversationsViewController.swift in Sources */ = {isa = PBXBuildFile; fileRef = 440CAA222BFCA32300FDFA89 /* conversationsViewController.swift */; };
		440CAA262BFCA32300FDFA89 /* Base in Resources */ = {isa = PBXBuildFile; fileRef = 440CAA252BFCA32300FDFA89 /* Base */; };
		440CAA282BFCA32500FDFA89 /* Assets.xcassets in Resources */ = {isa = PBXBuildFile; fileRef = 440CAA272BFCA32500FDFA89 /* Assets.xcassets */; };
		440CAA2B2BFCA32500FDFA89 /* Base in Resources */ = {isa = PBXBuildFile; fileRef = 440CAA2A2BFCA32500FDFA89 /* Base */; };
		440CAA362BFCA32500FDFA89 /* ChatAppTests.swift in Sources */ = {isa = PBXBuildFile; fileRef = 440CAA352BFCA32500FDFA89 /* ChatAppTests.swift */; };
		440CAA402BFCA32500FDFA89 /* ChatAppUITests.swift in Sources */ = {isa = PBXBuildFile; fileRef = 440CAA3F2BFCA32500FDFA89 /* ChatAppUITests.swift */; };
		440CAA422BFCA32500FDFA89 /* ChatAppUITestsLaunchTests.swift in Sources */ = {isa = PBXBuildFile; fileRef = 440CAA412BFCA32500FDFA89 /* ChatAppUITestsLaunchTests.swift */; };
		440CAA552BFCA77500FDFA89 /* LoginViewController.swift in Sources */ = {isa = PBXBuildFile; fileRef = 440CAA542BFCA77500FDFA89 /* LoginViewController.swift */; };
		440CAA572BFCA79800FDFA89 /* RegisterViewController.swift in Sources */ = {isa = PBXBuildFile; fileRef = 440CAA562BFCA79800FDFA89 /* RegisterViewController.swift */; };
		440CAA592BFCA7D600FDFA89 /* PhotoViewerViewController.swift in Sources */ = {isa = PBXBuildFile; fileRef = 440CAA582BFCA7D600FDFA89 /* PhotoViewerViewController.swift */; };
		440CAA5B2BFCA7E700FDFA89 /* VideoPlayerViewController.swift in Sources */ = {isa = PBXBuildFile; fileRef = 440CAA5A2BFCA7E700FDFA89 /* VideoPlayerViewController.swift */; };
		440CAA5D2BFCA86800FDFA89 /* NewConversationViewController.swift in Sources */ = {isa = PBXBuildFile; fileRef = 440CAA5C2BFCA86800FDFA89 /* NewConversationViewController.swift */; };
		440CAA622BFDAA9400FDFA89 /* Extension.swift in Sources */ = {isa = PBXBuildFile; fileRef = 440CAA612BFDAA9400FDFA89 /* Extension.swift */; };
		444E30732C09AE3B002D647C /* GoogleService-Info.plist in Resources */ = {isa = PBXBuildFile; fileRef = 444E30722C09AE3A002D647C /* GoogleService-Info.plist */; };
		444E30762C09AED2002D647C /* FirebaseAuth in Frameworks */ = {isa = PBXBuildFile; productRef = 444E30752C09AED2002D647C /* FirebaseAuth */; };
		444E30782C09AED2002D647C /* FirebaseDatabase in Frameworks */ = {isa = PBXBuildFile; productRef = 444E30772C09AED2002D647C /* FirebaseDatabase */; };
		444E307A2C09AED2002D647C /* FirebaseDatabaseSwift in Frameworks */ = {isa = PBXBuildFile; productRef = 444E30792C09AED2002D647C /* FirebaseDatabaseSwift */; };
		444E30982C0B4749002D647C /* DatabaseManager.swift in Sources */ = {isa = PBXBuildFile; fileRef = 444E30972C0B4749002D647C /* DatabaseManager.swift */; };
		4483F9ED2C0424E80034B8CC /* chatViewController.swift in Sources */ = {isa = PBXBuildFile; fileRef = 4483F9EC2C0424E70034B8CC /* chatViewController.swift */; };
/* End PBXBuildFile section */

/* Begin PBXContainerItemProxy section */
		440CAA322BFCA32500FDFA89 /* PBXContainerItemProxy */ = {
			isa = PBXContainerItemProxy;
			containerPortal = 440CAA132BFCA32300FDFA89 /* Project object */;
			proxyType = 1;
			remoteGlobalIDString = 440CAA1A2BFCA32300FDFA89;
			remoteInfo = ChatApp;
		};
		440CAA3C2BFCA32500FDFA89 /* PBXContainerItemProxy */ = {
			isa = PBXContainerItemProxy;
			containerPortal = 440CAA132BFCA32300FDFA89 /* Project object */;
			proxyType = 1;
			remoteGlobalIDString = 440CAA1A2BFCA32300FDFA89;
			remoteInfo = ChatApp;
		};
/* End PBXContainerItemProxy section */

/* Begin PBXFileReference section */
		440CAA1B2BFCA32300FDFA89 /* ChatApp.app */ = {isa = PBXFileReference; explicitFileType = wrapper.application; includeInIndex = 0; path = ChatApp.app; sourceTree = BUILT_PRODUCTS_DIR; };
		440CAA1E2BFCA32300FDFA89 /* AppDelegate.swift */ = {isa = PBXFileReference; lastKnownFileType = sourcecode.swift; path = AppDelegate.swift; sourceTree = "<group>"; };
		440CAA202BFCA32300FDFA89 /* SceneDelegate.swift */ = {isa = PBXFileReference; lastKnownFileType = sourcecode.swift; path = SceneDelegate.swift; sourceTree = "<group>"; };
		440CAA222BFCA32300FDFA89 /* conversationsViewController.swift */ = {isa = PBXFileReference; lastKnownFileType = sourcecode.swift; path = conversationsViewController.swift; sourceTree = "<group>"; };
		440CAA252BFCA32300FDFA89 /* Base */ = {isa = PBXFileReference; lastKnownFileType = file.storyboard; name = Base; path = Base.lproj/Main.storyboard; sourceTree = "<group>"; };
		440CAA272BFCA32500FDFA89 /* Assets.xcassets */ = {isa = PBXFileReference; lastKnownFileType = folder.assetcatalog; path = Assets.xcassets; sourceTree = "<group>"; };
		440CAA2A2BFCA32500FDFA89 /* Base */ = {isa = PBXFileReference; lastKnownFileType = file.storyboard; name = Base; path = Base.lproj/LaunchScreen.storyboard; sourceTree = "<group>"; };
		440CAA2C2BFCA32500FDFA89 /* Info.plist */ = {isa = PBXFileReference; lastKnownFileType = text.plist.xml; path = Info.plist; sourceTree = "<group>"; };
		440CAA312BFCA32500FDFA89 /* ChatAppTests.xctest */ = {isa = PBXFileReference; explicitFileType = wrapper.cfbundle; includeInIndex = 0; path = ChatAppTests.xctest; sourceTree = BUILT_PRODUCTS_DIR; };
		440CAA352BFCA32500FDFA89 /* ChatAppTests.swift */ = {isa = PBXFileReference; lastKnownFileType = sourcecode.swift; path = ChatAppTests.swift; sourceTree = "<group>"; };
		440CAA3B2BFCA32500FDFA89 /* ChatAppUITests.xctest */ = {isa = PBXFileReference; explicitFileType = wrapper.cfbundle; includeInIndex = 0; path = ChatAppUITests.xctest; sourceTree = BUILT_PRODUCTS_DIR; };
		440CAA3F2BFCA32500FDFA89 /* ChatAppUITests.swift */ = {isa = PBXFileReference; lastKnownFileType = sourcecode.swift; path = ChatAppUITests.swift; sourceTree = "<group>"; };
		440CAA412BFCA32500FDFA89 /* ChatAppUITestsLaunchTests.swift */ = {isa = PBXFileReference; lastKnownFileType = sourcecode.swift; path = ChatAppUITestsLaunchTests.swift; sourceTree = "<group>"; };
		440CAA542BFCA77500FDFA89 /* LoginViewController.swift */ = {isa = PBXFileReference; lastKnownFileType = sourcecode.swift; path = LoginViewController.swift; sourceTree = "<group>"; };
		440CAA562BFCA79800FDFA89 /* RegisterViewController.swift */ = {isa = PBXFileReference; lastKnownFileType = sourcecode.swift; path = RegisterViewController.swift; sourceTree = "<group>"; };
		440CAA582BFCA7D600FDFA89 /* PhotoViewerViewController.swift */ = {isa = PBXFileReference; lastKnownFileType = sourcecode.swift; path = PhotoViewerViewController.swift; sourceTree = "<group>"; };
		440CAA5A2BFCA7E700FDFA89 /* VideoPlayerViewController.swift */ = {isa = PBXFileReference; lastKnownFileType = sourcecode.swift; path = VideoPlayerViewController.swift; sourceTree = "<group>"; };
		440CAA5C2BFCA86800FDFA89 /* NewConversationViewController.swift */ = {isa = PBXFileReference; lastKnownFileType = sourcecode.swift; path = NewConversationViewController.swift; sourceTree = "<group>"; };
		440CAA612BFDAA9400FDFA89 /* Extension.swift */ = {isa = PBXFileReference; lastKnownFileType = sourcecode.swift; path = Extension.swift; sourceTree = "<group>"; };
		444E30722C09AE3A002D647C /* GoogleService-Info.plist */ = {isa = PBXFileReference; fileEncoding = 4; lastKnownFileType = text.plist.xml; path = "GoogleService-Info.plist"; sourceTree = "<group>"; };
		444E30972C0B4749002D647C /* DatabaseManager.swift */ = {isa = PBXFileReference; lastKnownFileType = sourcecode.swift; path = DatabaseManager.swift; sourceTree = "<group>"; };
		4483F9EC2C0424E70034B8CC /* chatViewController.swift */ = {isa = PBXFileReference; lastKnownFileType = sourcecode.swift; path = chatViewController.swift; sourceTree = "<group>"; };
/* End PBXFileReference section */

/* Begin PBXFrameworksBuildPhase section */
		440CAA182BFCA32300FDFA89 /* Frameworks */ = {
			isa = PBXFrameworksBuildPhase;
			buildActionMask = 2147483647;
			files = (
				444E307A2C09AED2002D647C /* FirebaseDatabaseSwift in Frameworks */,
				444E30782C09AED2002D647C /* FirebaseDatabase in Frameworks */,
				444E30762C09AED2002D647C /* FirebaseAuth in Frameworks */,
			);
			runOnlyForDeploymentPostprocessing = 0;
		};
		440CAA2E2BFCA32500FDFA89 /* Frameworks */ = {
			isa = PBXFrameworksBuildPhase;
			buildActionMask = 2147483647;
			files = (
			);
			runOnlyForDeploymentPostprocessing = 0;
		};
		440CAA382BFCA32500FDFA89 /* Frameworks */ = {
			isa = PBXFrameworksBuildPhase;
			buildActionMask = 2147483647;
			files = (
			);
			runOnlyForDeploymentPostprocessing = 0;
		};
/* End PBXFrameworksBuildPhase section */

/* Begin PBXGroup section */
		440CAA122BFCA32300FDFA89 = {
			isa = PBXGroup;
			children = (
				440CAA1D2BFCA32300FDFA89 /* ChatApp */,
				440CAA342BFCA32500FDFA89 /* ChatAppTests */,
				440CAA3E2BFCA32500FDFA89 /* ChatAppUITests */,
				440CAA1C2BFCA32300FDFA89 /* Products */,
			);
			sourceTree = "<group>";
		};
		440CAA1C2BFCA32300FDFA89 /* Products */ = {
			isa = PBXGroup;
			children = (
				440CAA1B2BFCA32300FDFA89 /* ChatApp.app */,
				440CAA312BFCA32500FDFA89 /* ChatAppTests.xctest */,
				440CAA3B2BFCA32500FDFA89 /* ChatAppUITests.xctest */,
			);
			name = Products;
			sourceTree = "<group>";
		};
		440CAA1D2BFCA32300FDFA89 /* ChatApp */ = {
			isa = PBXGroup;
			children = (
				444E30722C09AE3A002D647C /* GoogleService-Info.plist */,
				440CAA522BFCA58400FDFA89 /* Resources */,
				440CAA512BFCA56E00FDFA89 /* ViewModels */,
				440CAA502BFCA56400FDFA89 /* Models */,
				440CAA4F2BFCA55300FDFA89 /* views */,
				440CAA4E2BFCA54000FDFA89 /* Controllers */,
				440CAA2C2BFCA32500FDFA89 /* Info.plist */,
			);
			path = ChatApp;
			sourceTree = "<group>";
		};
		440CAA342BFCA32500FDFA89 /* ChatAppTests */ = {
			isa = PBXGroup;
			children = (
				440CAA352BFCA32500FDFA89 /* ChatAppTests.swift */,
			);
			path = ChatAppTests;
			sourceTree = "<group>";
		};
		440CAA3E2BFCA32500FDFA89 /* ChatAppUITests */ = {
			isa = PBXGroup;
			children = (
				440CAA3F2BFCA32500FDFA89 /* ChatAppUITests.swift */,
				440CAA412BFCA32500FDFA89 /* ChatAppUITestsLaunchTests.swift */,
			);
			path = ChatAppUITests;
			sourceTree = "<group>";
		};
		440CAA4E2BFCA54000FDFA89 /* Controllers */ = {
			isa = PBXGroup;
			children = (
				440CAA222BFCA32300FDFA89 /* conversationsViewController.swift */,
				440CAA602BFCAB2900FDFA89 /* login */,
				440CAA582BFCA7D600FDFA89 /* PhotoViewerViewController.swift */,
				440CAA5A2BFCA7E700FDFA89 /* VideoPlayerViewController.swift */,
				440CAA5C2BFCA86800FDFA89 /* NewConversationViewController.swift */,
				4483F9EC2C0424E70034B8CC /* chatViewController.swift */,
			);
			path = Controllers;
			sourceTree = "<group>";
		};
		440CAA4F2BFCA55300FDFA89 /* views */ = {
			isa = PBXGroup;
			children = (
				440CAA532BFCA5F100FDFA89 /* StoryBoards */,
				440CAA272BFCA32500FDFA89 /* Assets.xcassets */,
				440CAA292BFCA32500FDFA89 /* LaunchScreen.storyboard */,
			);
			path = views;
			sourceTree = "<group>";
		};
		440CAA502BFCA56400FDFA89 /* Models */ = {
			isa = PBXGroup;
			children = (
			);
			path = Models;
			sourceTree = "<group>";
		};
		440CAA512BFCA56E00FDFA89 /* ViewModels */ = {
			isa = PBXGroup;
			children = (
			);
			path = ViewModels;
			sourceTree = "<group>";
		};
		440CAA522BFCA58400FDFA89 /* Resources */ = {
			isa = PBXGroup;
			children = (
				440CAA1E2BFCA32300FDFA89 /* AppDelegate.swift */,
				440CAA202BFCA32300FDFA89 /* SceneDelegate.swift */,
				440CAA612BFDAA9400FDFA89 /* Extension.swift */,
				444E30972C0B4749002D647C /* DatabaseManager.swift */,
			);
			path = Resources;
			sourceTree = "<group>";
		};
		440CAA532BFCA5F100FDFA89 /* StoryBoards */ = {
			isa = PBXGroup;
			children = (
				440CAA242BFCA32300FDFA89 /* Main.storyboard */,
			);
			path = StoryBoards;
			sourceTree = "<group>";
		};
		440CAA602BFCAB2900FDFA89 /* login */ = {
			isa = PBXGroup;
			children = (
				440CAA542BFCA77500FDFA89 /* LoginViewController.swift */,
				440CAA562BFCA79800FDFA89 /* RegisterViewController.swift */,
			);
			path = login;
			sourceTree = "<group>";
		};
/* End PBXGroup section */

/* Begin PBXNativeTarget section */
		440CAA1A2BFCA32300FDFA89 /* ChatApp */ = {
			isa = PBXNativeTarget;
			buildConfigurationList = 440CAA452BFCA32500FDFA89 /* Build configuration list for PBXNativeTarget "ChatApp" */;
			buildPhases = (
				440CAA172BFCA32300FDFA89 /* Sources */,
				440CAA182BFCA32300FDFA89 /* Frameworks */,
				440CAA192BFCA32300FDFA89 /* Resources */,
			);
			buildRules = (
			);
			dependencies = (
			);
			name = ChatApp;
			packageProductDependencies = (
				444E30752C09AED2002D647C /* FirebaseAuth */,
				444E30772C09AED2002D647C /* FirebaseDatabase */,
				444E30792C09AED2002D647C /* FirebaseDatabaseSwift */,
			);
			productName = ChatApp;
			productReference = 440CAA1B2BFCA32300FDFA89 /* ChatApp.app */;
			productType = "com.apple.product-type.application";
		};
		440CAA302BFCA32500FDFA89 /* ChatAppTests */ = {
			isa = PBXNativeTarget;
			buildConfigurationList = 440CAA482BFCA32500FDFA89 /* Build configuration list for PBXNativeTarget "ChatAppTests" */;
			buildPhases = (
				440CAA2D2BFCA32500FDFA89 /* Sources */,
				440CAA2E2BFCA32500FDFA89 /* Frameworks */,
				440CAA2F2BFCA32500FDFA89 /* Resources */,
			);
			buildRules = (
			);
			dependencies = (
				440CAA332BFCA32500FDFA89 /* PBXTargetDependency */,
			);
			name = ChatAppTests;
			productName = ChatAppTests;
			productReference = 440CAA312BFCA32500FDFA89 /* ChatAppTests.xctest */;
			productType = "com.apple.product-type.bundle.unit-test";
		};
		440CAA3A2BFCA32500FDFA89 /* ChatAppUITests */ = {
			isa = PBXNativeTarget;
			buildConfigurationList = 440CAA4B2BFCA32500FDFA89 /* Build configuration list for PBXNativeTarget "ChatAppUITests" */;
			buildPhases = (
				440CAA372BFCA32500FDFA89 /* Sources */,
				440CAA382BFCA32500FDFA89 /* Frameworks */,
				440CAA392BFCA32500FDFA89 /* Resources */,
			);
			buildRules = (
			);
			dependencies = (
				440CAA3D2BFCA32500FDFA89 /* PBXTargetDependency */,
			);
			name = ChatAppUITests;
			productName = ChatAppUITests;
			productReference = 440CAA3B2BFCA32500FDFA89 /* ChatAppUITests.xctest */;
			productType = "com.apple.product-type.bundle.ui-testing";
		};
/* End PBXNativeTarget section */

/* Begin PBXProject section */
		440CAA132BFCA32300FDFA89 /* Project object */ = {
			isa = PBXProject;
			attributes = {
				BuildIndependentTargetsInParallel = 1;
				LastSwiftUpdateCheck = 1540;
				LastUpgradeCheck = 1540;
				TargetAttributes = {
					440CAA1A2BFCA32300FDFA89 = {
						CreatedOnToolsVersion = 15.4;
					};
					440CAA302BFCA32500FDFA89 = {
						CreatedOnToolsVersion = 15.4;
						TestTargetID = 440CAA1A2BFCA32300FDFA89;
					};
					440CAA3A2BFCA32500FDFA89 = {
						CreatedOnToolsVersion = 15.4;
						TestTargetID = 440CAA1A2BFCA32300FDFA89;
					};
				};
			};
			buildConfigurationList = 440CAA162BFCA32300FDFA89 /* Build configuration list for PBXProject "ChatApp" */;
			compatibilityVersion = "Xcode 14.0";
			developmentRegion = en;
			hasScannedForEncodings = 0;
			knownRegions = (
				en,
				Base,
			);
			mainGroup = 440CAA122BFCA32300FDFA89;
			packageReferences = (
				444E30742C09AED2002D647C /* XCRemoteSwiftPackageReference "firebase-ios-sdk" */,
			);
			productRefGroup = 440CAA1C2BFCA32300FDFA89 /* Products */;
			projectDirPath = "";
			projectRoot = "";
			targets = (
				440CAA1A2BFCA32300FDFA89 /* ChatApp */,
				440CAA302BFCA32500FDFA89 /* ChatAppTests */,
				440CAA3A2BFCA32500FDFA89 /* ChatAppUITests */,
			);
		};
/* End PBXProject section */

/* Begin PBXResourcesBuildPhase section */
		440CAA192BFCA32300FDFA89 /* Resources */ = {
			isa = PBXResourcesBuildPhase;
			buildActionMask = 2147483647;
			files = (
				444E30732C09AE3B002D647C /* GoogleService-Info.plist in Resources */,
				440CAA282BFCA32500FDFA89 /* Assets.xcassets in Resources */,
				440CAA2B2BFCA32500FDFA89 /* Base in Resources */,
				440CAA262BFCA32300FDFA89 /* Base in Resources */,
			);
			runOnlyForDeploymentPostprocessing = 0;
		};
		440CAA2F2BFCA32500FDFA89 /* Resources */ = {
			isa = PBXResourcesBuildPhase;
			buildActionMask = 2147483647;
			files = (
			);
			runOnlyForDeploymentPostprocessing = 0;
		};
		440CAA392BFCA32500FDFA89 /* Resources */ = {
			isa = PBXResourcesBuildPhase;
			buildActionMask = 2147483647;
			files = (
			);
			runOnlyForDeploymentPostprocessing = 0;
		};
/* End PBXResourcesBuildPhase section */

/* Begin PBXSourcesBuildPhase section */
		440CAA172BFCA32300FDFA89 /* Sources */ = {
			isa = PBXSourcesBuildPhase;
			buildActionMask = 2147483647;
			files = (
				440CAA552BFCA77500FDFA89 /* LoginViewController.swift in Sources */,
				444E30982C0B4749002D647C /* DatabaseManager.swift in Sources */,
				440CAA572BFCA79800FDFA89 /* RegisterViewController.swift in Sources */,
				440CAA5D2BFCA86800FDFA89 /* NewConversationViewController.swift in Sources */,
				4483F9ED2C0424E80034B8CC /* chatViewController.swift in Sources */,
				440CAA232BFCA32300FDFA89 /* conversationsViewController.swift in Sources */,
				440CAA5B2BFCA7E700FDFA89 /* VideoPlayerViewController.swift in Sources */,
				440CAA622BFDAA9400FDFA89 /* Extension.swift in Sources */,
				440CAA1F2BFCA32300FDFA89 /* AppDelegate.swift in Sources */,
				440CAA212BFCA32300FDFA89 /* SceneDelegate.swift in Sources */,
				440CAA592BFCA7D600FDFA89 /* PhotoViewerViewController.swift in Sources */,
			);
			runOnlyForDeploymentPostprocessing = 0;
		};
		440CAA2D2BFCA32500FDFA89 /* Sources */ = {
			isa = PBXSourcesBuildPhase;
			buildActionMask = 2147483647;
			files = (
				440CAA362BFCA32500FDFA89 /* ChatAppTests.swift in Sources */,
			);
			runOnlyForDeploymentPostprocessing = 0;
		};
		440CAA372BFCA32500FDFA89 /* Sources */ = {
			isa = PBXSourcesBuildPhase;
			buildActionMask = 2147483647;
			files = (
				440CAA422BFCA32500FDFA89 /* ChatAppUITestsLaunchTests.swift in Sources */,
				440CAA402BFCA32500FDFA89 /* ChatAppUITests.swift in Sources */,
			);
			runOnlyForDeploymentPostprocessing = 0;
		};
/* End PBXSourcesBuildPhase section */

/* Begin PBXTargetDependency section */
		440CAA332BFCA32500FDFA89 /* PBXTargetDependency */ = {
			isa = PBXTargetDependency;
			target = 440CAA1A2BFCA32300FDFA89 /* ChatApp */;
			targetProxy = 440CAA322BFCA32500FDFA89 /* PBXContainerItemProxy */;
		};
		440CAA3D2BFCA32500FDFA89 /* PBXTargetDependency */ = {
			isa = PBXTargetDependency;
			target = 440CAA1A2BFCA32300FDFA89 /* ChatApp */;
			targetProxy = 440CAA3C2BFCA32500FDFA89 /* PBXContainerItemProxy */;
		};
/* End PBXTargetDependency section */

/* Begin PBXVariantGroup section */
		440CAA242BFCA32300FDFA89 /* Main.storyboard */ = {
			isa = PBXVariantGroup;
			children = (
				440CAA252BFCA32300FDFA89 /* Base */,
			);
			name = Main.storyboard;
			sourceTree = "<group>";
		};
		440CAA292BFCA32500FDFA89 /* LaunchScreen.storyboard */ = {
			isa = PBXVariantGroup;
			children = (
				440CAA2A2BFCA32500FDFA89 /* Base */,
			);
			name = LaunchScreen.storyboard;
			sourceTree = "<group>";
		};
/* End PBXVariantGroup section */

/* Begin XCBuildConfiguration section */
		440CAA432BFCA32500FDFA89 /* Debug */ = {
			isa = XCBuildConfiguration;
			buildSettings = {
				ALWAYS_SEARCH_USER_PATHS = NO;
				ASSETCATALOG_COMPILER_GENERATE_SWIFT_ASSET_SYMBOL_EXTENSIONS = YES;
				CLANG_ANALYZER_NONNULL = YES;
				CLANG_ANALYZER_NUMBER_OBJECT_CONVERSION = YES_AGGRESSIVE;
				CLANG_CXX_LANGUAGE_STANDARD = "gnu++20";
				CLANG_ENABLE_MODULES = YES;
				CLANG_ENABLE_OBJC_ARC = YES;
				CLANG_ENABLE_OBJC_WEAK = YES;
				CLANG_WARN_BLOCK_CAPTURE_AUTORELEASING = YES;
				CLANG_WARN_BOOL_CONVERSION = YES;
				CLANG_WARN_COMMA = YES;
				CLANG_WARN_CONSTANT_CONVERSION = YES;
				CLANG_WARN_DEPRECATED_OBJC_IMPLEMENTATIONS = YES;
				CLANG_WARN_DIRECT_OBJC_ISA_USAGE = YES_ERROR;
				CLANG_WARN_DOCUMENTATION_COMMENTS = YES;
				CLANG_WARN_EMPTY_BODY = YES;
				CLANG_WARN_ENUM_CONVERSION = YES;
				CLANG_WARN_INFINITE_RECURSION = YES;
				CLANG_WARN_INT_CONVERSION = YES;
				CLANG_WARN_NON_LITERAL_NULL_CONVERSION = YES;
				CLANG_WARN_OBJC_IMPLICIT_RETAIN_SELF = YES;
				CLANG_WARN_OBJC_LITERAL_CONVERSION = YES;
				CLANG_WARN_OBJC_ROOT_CLASS = YES_ERROR;
				CLANG_WARN_QUOTED_INCLUDE_IN_FRAMEWORK_HEADER = YES;
				CLANG_WARN_RANGE_LOOP_ANALYSIS = YES;
				CLANG_WARN_STRICT_PROTOTYPES = YES;
				CLANG_WARN_SUSPICIOUS_MOVE = YES;
				CLANG_WARN_UNGUARDED_AVAILABILITY = YES_AGGRESSIVE;
				CLANG_WARN_UNREACHABLE_CODE = YES;
				CLANG_WARN__DUPLICATE_METHOD_MATCH = YES;
				COPY_PHASE_STRIP = NO;
				DEBUG_INFORMATION_FORMAT = dwarf;
				ENABLE_STRICT_OBJC_MSGSEND = YES;
				ENABLE_TESTABILITY = YES;
				ENABLE_USER_SCRIPT_SANDBOXING = YES;
				GCC_C_LANGUAGE_STANDARD = gnu17;
				GCC_DYNAMIC_NO_PIC = NO;
				GCC_NO_COMMON_BLOCKS = YES;
				GCC_OPTIMIZATION_LEVEL = 0;
				GCC_PREPROCESSOR_DEFINITIONS = (
					"DEBUG=1",
					"$(inherited)",
				);
				GCC_WARN_64_TO_32_BIT_CONVERSION = YES;
				GCC_WARN_ABOUT_RETURN_TYPE = YES_ERROR;
				GCC_WARN_UNDECLARED_SELECTOR = YES;
				GCC_WARN_UNINITIALIZED_AUTOS = YES_AGGRESSIVE;
				GCC_WARN_UNUSED_FUNCTION = YES;
				GCC_WARN_UNUSED_VARIABLE = YES;
				IPHONEOS_DEPLOYMENT_TARGET = 17.5;
				LOCALIZATION_PREFERS_STRING_CATALOGS = YES;
				MTL_ENABLE_DEBUG_INFO = INCLUDE_SOURCE;
				MTL_FAST_MATH = YES;
				ONLY_ACTIVE_ARCH = YES;
				SDKROOT = iphoneos;
				SWIFT_ACTIVE_COMPILATION_CONDITIONS = "DEBUG $(inherited)";
				SWIFT_OPTIMIZATION_LEVEL = "-Onone";
			};
			name = Debug;
		};
		440CAA442BFCA32500FDFA89 /* Release */ = {
			isa = XCBuildConfiguration;
			buildSettings = {
				ALWAYS_SEARCH_USER_PATHS = NO;
				ASSETCATALOG_COMPILER_GENERATE_SWIFT_ASSET_SYMBOL_EXTENSIONS = YES;
				CLANG_ANALYZER_NONNULL = YES;
				CLANG_ANALYZER_NUMBER_OBJECT_CONVERSION = YES_AGGRESSIVE;
				CLANG_CXX_LANGUAGE_STANDARD = "gnu++20";
				CLANG_ENABLE_MODULES = YES;
				CLANG_ENABLE_OBJC_ARC = YES;
				CLANG_ENABLE_OBJC_WEAK = YES;
				CLANG_WARN_BLOCK_CAPTURE_AUTORELEASING = YES;
				CLANG_WARN_BOOL_CONVERSION = YES;
				CLANG_WARN_COMMA = YES;
				CLANG_WARN_CONSTANT_CONVERSION = YES;
				CLANG_WARN_DEPRECATED_OBJC_IMPLEMENTATIONS = YES;
				CLANG_WARN_DIRECT_OBJC_ISA_USAGE = YES_ERROR;
				CLANG_WARN_DOCUMENTATION_COMMENTS = YES;
				CLANG_WARN_EMPTY_BODY = YES;
				CLANG_WARN_ENUM_CONVERSION = YES;
				CLANG_WARN_INFINITE_RECURSION = YES;
				CLANG_WARN_INT_CONVERSION = YES;
				CLANG_WARN_NON_LITERAL_NULL_CONVERSION = YES;
				CLANG_WARN_OBJC_IMPLICIT_RETAIN_SELF = YES;
				CLANG_WARN_OBJC_LITERAL_CONVERSION = YES;
				CLANG_WARN_OBJC_ROOT_CLASS = YES_ERROR;
				CLANG_WARN_QUOTED_INCLUDE_IN_FRAMEWORK_HEADER = YES;
				CLANG_WARN_RANGE_LOOP_ANALYSIS = YES;
				CLANG_WARN_STRICT_PROTOTYPES = YES;
				CLANG_WARN_SUSPICIOUS_MOVE = YES;
				CLANG_WARN_UNGUARDED_AVAILABILITY = YES_AGGRESSIVE;
				CLANG_WARN_UNREACHABLE_CODE = YES;
				CLANG_WARN__DUPLICATE_METHOD_MATCH = YES;
				COPY_PHASE_STRIP = NO;
				DEBUG_INFORMATION_FORMAT = "dwarf-with-dsym";
				ENABLE_NS_ASSERTIONS = NO;
				ENABLE_STRICT_OBJC_MSGSEND = YES;
				ENABLE_USER_SCRIPT_SANDBOXING = YES;
				GCC_C_LANGUAGE_STANDARD = gnu17;
				GCC_NO_COMMON_BLOCKS = YES;
				GCC_WARN_64_TO_32_BIT_CONVERSION = YES;
				GCC_WARN_ABOUT_RETURN_TYPE = YES_ERROR;
				GCC_WARN_UNDECLARED_SELECTOR = YES;
				GCC_WARN_UNINITIALIZED_AUTOS = YES_AGGRESSIVE;
				GCC_WARN_UNUSED_FUNCTION = YES;
				GCC_WARN_UNUSED_VARIABLE = YES;
				IPHONEOS_DEPLOYMENT_TARGET = 17.5;
				LOCALIZATION_PREFERS_STRING_CATALOGS = YES;
				MTL_ENABLE_DEBUG_INFO = NO;
				MTL_FAST_MATH = YES;
				SDKROOT = iphoneos;
				SWIFT_COMPILATION_MODE = wholemodule;
				VALIDATE_PRODUCT = YES;
			};
			name = Release;
		};
		440CAA462BFCA32500FDFA89 /* Debug */ = {
			isa = XCBuildConfiguration;
			buildSettings = {
				ASSETCATALOG_COMPILER_APPICON_NAME = AppIcon;
				ASSETCATALOG_COMPILER_GLOBAL_ACCENT_COLOR_NAME = AccentColor;
				CODE_SIGN_STYLE = Automatic;
				CURRENT_PROJECT_VERSION = 1;
				DEVELOPMENT_TEAM = LTW7LQG262;
				GENERATE_INFOPLIST_FILE = YES;
				INFOPLIST_FILE = ChatApp/Info.plist;
				INFOPLIST_KEY_UIApplicationSupportsIndirectInputEvents = YES;
				INFOPLIST_KEY_UILaunchStoryboardName = LaunchScreen;
				INFOPLIST_KEY_UIMainStoryboardFile = Main;
				INFOPLIST_KEY_UISupportedInterfaceOrientations = UIInterfaceOrientationPortrait;
				LD_RUNPATH_SEARCH_PATHS = (
					"$(inherited)",
					"@executable_path/Frameworks",
				);
				MARKETING_VERSION = 1.0;
				PRODUCT_BUNDLE_IDENTIFIER = none.ChatApp;
				PRODUCT_NAME = "$(TARGET_NAME)";
				SWIFT_EMIT_LOC_STRINGS = YES;
				SWIFT_VERSION = 5.0;
				TARGETED_DEVICE_FAMILY = "1,2";
			};
			name = Debug;
		};
		440CAA472BFCA32500FDFA89 /* Release */ = {
			isa = XCBuildConfiguration;
			buildSettings = {
				ASSETCATALOG_COMPILER_APPICON_NAME = AppIcon;
				ASSETCATALOG_COMPILER_GLOBAL_ACCENT_COLOR_NAME = AccentColor;
				CODE_SIGN_STYLE = Automatic;
				CURRENT_PROJECT_VERSION = 1;
				DEVELOPMENT_TEAM = LTW7LQG262;
				GENERATE_INFOPLIST_FILE = YES;
				INFOPLIST_FILE = ChatApp/Info.plist;
				INFOPLIST_KEY_UIApplicationSupportsIndirectInputEvents = YES;
				INFOPLIST_KEY_UILaunchStoryboardName = LaunchScreen;
				INFOPLIST_KEY_UIMainStoryboardFile = Main;
				INFOPLIST_KEY_UISupportedInterfaceOrientations = UIInterfaceOrientationPortrait;
				LD_RUNPATH_SEARCH_PATHS = (
					"$(inherited)",
					"@executable_path/Frameworks",
				);
				MARKETING_VERSION = 1.0;
				PRODUCT_BUNDLE_IDENTIFIER = none.ChatApp;
				PRODUCT_NAME = "$(TARGET_NAME)";
				SWIFT_EMIT_LOC_STRINGS = YES;
				SWIFT_VERSION = 5.0;
				TARGETED_DEVICE_FAMILY = "1,2";
			};
			name = Release;
		};
		440CAA492BFCA32500FDFA89 /* Debug */ = {
			isa = XCBuildConfiguration;
			buildSettings = {
				ALWAYS_EMBED_SWIFT_STANDARD_LIBRARIES = YES;
				BUNDLE_LOADER = "$(TEST_HOST)";
				CODE_SIGN_STYLE = Automatic;
				CURRENT_PROJECT_VERSION = 1;
				DEVELOPMENT_TEAM = LTW7LQG262;
				GENERATE_INFOPLIST_FILE = YES;
				IPHONEOS_DEPLOYMENT_TARGET = 17.5;
				MARKETING_VERSION = 1.0;
				PRODUCT_BUNDLE_IDENTIFIER = none.ChatAppTests;
				PRODUCT_NAME = "$(TARGET_NAME)";
				SWIFT_EMIT_LOC_STRINGS = NO;
				SWIFT_VERSION = 5.0;
				TARGETED_DEVICE_FAMILY = "1,2";
				TEST_HOST = "$(BUILT_PRODUCTS_DIR)/ChatApp.app/$(BUNDLE_EXECUTABLE_FOLDER_PATH)/ChatApp";
			};
			name = Debug;
		};
		440CAA4A2BFCA32500FDFA89 /* Release */ = {
			isa = XCBuildConfiguration;
			buildSettings = {
				ALWAYS_EMBED_SWIFT_STANDARD_LIBRARIES = YES;
				BUNDLE_LOADER = "$(TEST_HOST)";
				CODE_SIGN_STYLE = Automatic;
				CURRENT_PROJECT_VERSION = 1;
				DEVELOPMENT_TEAM = LTW7LQG262;
				GENERATE_INFOPLIST_FILE = YES;
				IPHONEOS_DEPLOYMENT_TARGET = 17.5;
				MARKETING_VERSION = 1.0;
				PRODUCT_BUNDLE_IDENTIFIER = none.ChatAppTests;
				PRODUCT_NAME = "$(TARGET_NAME)";
				SWIFT_EMIT_LOC_STRINGS = NO;
				SWIFT_VERSION = 5.0;
				TARGETED_DEVICE_FAMILY = "1,2";
				TEST_HOST = "$(BUILT_PRODUCTS_DIR)/ChatApp.app/$(BUNDLE_EXECUTABLE_FOLDER_PATH)/ChatApp";
			};
			name = Release;
		};
		440CAA4C2BFCA32500FDFA89 /* Debug */ = {
			isa = XCBuildConfiguration;
			buildSettings = {
				ALWAYS_EMBED_SWIFT_STANDARD_LIBRARIES = YES;
				CODE_SIGN_STYLE = Automatic;
				CURRENT_PROJECT_VERSION = 1;
				DEVELOPMENT_TEAM = LTW7LQG262;
				GENERATE_INFOPLIST_FILE = YES;
				MARKETING_VERSION = 1.0;
				PRODUCT_BUNDLE_IDENTIFIER = none.ChatAppUITests;
				PRODUCT_NAME = "$(TARGET_NAME)";
				SWIFT_EMIT_LOC_STRINGS = NO;
				SWIFT_VERSION = 5.0;
				TARGETED_DEVICE_FAMILY = "1,2";
				TEST_TARGET_NAME = ChatApp;
			};
			name = Debug;
		};
		440CAA4D2BFCA32500FDFA89 /* Release */ = {
			isa = XCBuildConfiguration;
			buildSettings = {
				ALWAYS_EMBED_SWIFT_STANDARD_LIBRARIES = YES;
				CODE_SIGN_STYLE = Automatic;
				CURRENT_PROJECT_VERSION = 1;
				DEVELOPMENT_TEAM = LTW7LQG262;
				GENERATE_INFOPLIST_FILE = YES;
				MARKETING_VERSION = 1.0;
				PRODUCT_BUNDLE_IDENTIFIER = none.ChatAppUITests;
				PRODUCT_NAME = "$(TARGET_NAME)";
				SWIFT_EMIT_LOC_STRINGS = NO;
				SWIFT_VERSION = 5.0;
				TARGETED_DEVICE_FAMILY = "1,2";
				TEST_TARGET_NAME = ChatApp;
			};
			name = Release;
		};
/* End XCBuildConfiguration section */

/* Begin XCConfigurationList section */
		440CAA162BFCA32300FDFA89 /* Build configuration list for PBXProject "ChatApp" */ = {
			isa = XCConfigurationList;
			buildConfigurations = (
				440CAA432BFCA32500FDFA89 /* Debug */,
				440CAA442BFCA32500FDFA89 /* Release */,
			);
			defaultConfigurationIsVisible = 0;
			defaultConfigurationName = Release;
		};
		440CAA452BFCA32500FDFA89 /* Build configuration list for PBXNativeTarget "ChatApp" */ = {
			isa = XCConfigurationList;
			buildConfigurations = (
				440CAA462BFCA32500FDFA89 /* Debug */,
				440CAA472BFCA32500FDFA89 /* Release */,
			);
			defaultConfigurationIsVisible = 0;
			defaultConfigurationName = Release;
		};
		440CAA482BFCA32500FDFA89 /* Build configuration list for PBXNativeTarget "ChatAppTests" */ = {
			isa = XCConfigurationList;
			buildConfigurations = (
				440CAA492BFCA32500FDFA89 /* Debug */,
				440CAA4A2BFCA32500FDFA89 /* Release */,
			);
			defaultConfigurationIsVisible = 0;
			defaultConfigurationName = Release;
		};
		440CAA4B2BFCA32500FDFA89 /* Build configuration list for PBXNativeTarget "ChatAppUITests" */ = {
			isa = XCConfigurationList;
			buildConfigurations = (
				440CAA4C2BFCA32500FDFA89 /* Debug */,
				440CAA4D2BFCA32500FDFA89 /* Release */,
			);
			defaultConfigurationIsVisible = 0;
			defaultConfigurationName = Release;
		};
/* End XCConfigurationList section */

/* Begin XCRemoteSwiftPackageReference section */
		444E30742C09AED2002D647C /* XCRemoteSwiftPackageReference "firebase-ios-sdk" */ = {
			isa = XCRemoteSwiftPackageReference;
			repositoryURL = "https://github.com/firebase/firebase-ios-sdk";
			requirement = {
				kind = upToNextMajorVersion;
				minimumVersion = 10.27.0;
			};
		};
/* End XCRemoteSwiftPackageReference section */

/* Begin XCSwiftPackageProductDependency section */
		444E30752C09AED2002D647C /* FirebaseAuth */ = {
			isa = XCSwiftPackageProductDependency;
			package = 444E30742C09AED2002D647C /* XCRemoteSwiftPackageReference "firebase-ios-sdk" */;
			productName = FirebaseAuth;
		};
		444E30772C09AED2002D647C /* FirebaseDatabase */ = {
			isa = XCSwiftPackageProductDependency;
			package = 444E30742C09AED2002D647C /* XCRemoteSwiftPackageReference "firebase-ios-sdk" */;
			productName = FirebaseDatabase;
		};
		444E30792C09AED2002D647C /* FirebaseDatabaseSwift */ = {
			isa = XCSwiftPackageProductDependency;
			package = 444E30742C09AED2002D647C /* XCRemoteSwiftPackageReference "firebase-ios-sdk" */;
			productName = FirebaseDatabaseSwift;
		};
/* End XCSwiftPackageProductDependency section */
	};
	rootObject = 440CAA132BFCA32300FDFA89 /* Project object */;
}
